
Microsoft Visual Studio Solution File, Format Version 12.00
# Visual Studio Version 17
VisualStudioVersion = 17.5.002.0
MinimumVisualStudioVersion = 10.0.40219.1
Project("{9A19103F-16F7-4668-BE54-9A1E7A4F7556}") = "algoritimos data-29.07.024", "algoritimos data-29.07.024.csproj", "{4A2193C7-1DDB-4E91-90F5-5D09199FD7A5}"
EndProject
Global
	GlobalSection(SolutionConfigurationPlatforms) = preSolution
		Debug|Any CPU = Debug|Any CPU
		Release|Any CPU = Release|Any CPU
	EndGlobalSection
	GlobalSection(ProjectConfigurationPlatforms) = postSolution
		{4A2193C7-1DDB-4E91-90F5-5D09199FD7A5}.Debug|Any CPU.ActiveCfg = Debug|Any CPU
		{4A2193C7-1DDB-4E91-90F5-5D09199FD7A5}.Debug|Any CPU.Build.0 = Debug|Any CPU
		{4A2193C7-1DDB-4E91-90F5-5D09199FD7A5}.Release|Any CPU.ActiveCfg = Release|Any CPU
		{4A2193C7-1DDB-4E91-90F5-5D09199FD7A5}.Release|Any CPU.Build.0 = Release|Any CPU
	EndGlobalSection
	GlobalSection(SolutionProperties) = preSolution
		HideSolutionNode = FALSE
	EndGlobalSection
	GlobalSection(ExtensibilityGlobals) = postSolution
		SolutionGuid = {334E61D8-1708-4479-AF8B-D8BB62AD1DED}
	EndGlobalSection
EndGlobal
